// !$*UTF8*$!
{
	archiveVersion = 1;
	classes = {
	};
	objectVersion = 51;
	objects = {

/* Begin PBXBuildFile section */
		83AFF1D07FFE5085A62FAFBC /* Pods_News.framework in Frameworks */ = {isa = PBXBuildFile; fileRef = DF45454DC6FD3495A637FFE0 /* Pods_News.framework */; };
		F505A5692758BEE90073DF49 /* TTMyOtherCell.swift in Sources */ = {isa = PBXBuildFile; fileRef = F505A5672758BEE90073DF49 /* TTMyOtherCell.swift */; };
		F505A56A2758BEE90073DF49 /* TTMyOtherCell.xib in Resources */ = {isa = PBXBuildFile; fileRef = F505A5682758BEE90073DF49 /* TTMyOtherCell.xib */; };
		F578142F27BCDE82004D36FE /* TTMyTheme.swift in Sources */ = {isa = PBXBuildFile; fileRef = F578142E27BCDE82004D36FE /* TTMyTheme.swift */; };
		F578143327BCE2C0004D36FE /* default_theme.plist in Resources */ = {isa = PBXBuildFile; fileRef = F578143127BCE2C0004D36FE /* default_theme.plist */; };
		F578143427BCE2C0004D36FE /* night_theme.plist in Resources */ = {isa = PBXBuildFile; fileRef = F578143227BCE2C0004D36FE /* night_theme.plist */; };
		F578143827C37737004D36FE /* TTMoreLoginViewController.swift in Sources */ = {isa = PBXBuildFile; fileRef = F578143727C37737004D36FE /* TTMoreLoginViewController.swift */; };
		F578143A27C37805004D36FE /* TTMoreLoginViewController.storyboard in Resources */ = {isa = PBXBuildFile; fileRef = F578143927C37805004D36FE /* TTMoreLoginViewController.storyboard */; };
		F578143C27C4BFEE004D36FE /* TTConstFunc.swift in Sources */ = {isa = PBXBuildFile; fileRef = F578143B27C4BFED004D36FE /* TTConstFunc.swift */; };
		F57FCC1927463A1200F7D2FE /* Assets.xcassets in Resources */ = {isa = PBXBuildFile; fileRef = F57FCC1827463A1200F7D2FE /* Assets.xcassets */; };
		F57FCC1C27463A1200F7D2FE /* LaunchScreen.storyboard in Resources */ = {isa = PBXBuildFile; fileRef = F57FCC1A27463A1200F7D2FE /* LaunchScreen.storyboard */; };
		F57FCC2727463A1200F7D2FE /* NewsTests.swift in Sources */ = {isa = PBXBuildFile; fileRef = F57FCC2627463A1200F7D2FE /* NewsTests.swift */; };
		F57FCC3227463A1200F7D2FE /* NewsUITests.swift in Sources */ = {isa = PBXBuildFile; fileRef = F57FCC3127463A1200F7D2FE /* NewsUITests.swift */; };
		F57FCCE02747984200F7D2FE /* TTHomeViewController.swift in Sources */ = {isa = PBXBuildFile; fileRef = F57FCCC32747984200F7D2FE /* TTHomeViewController.swift */; };
		F57FCCE12747984200F7D2FE /* TTVideoViewController.swift in Sources */ = {isa = PBXBuildFile; fileRef = F57FCCC82747984200F7D2FE /* TTVideoViewController.swift */; };
		F57FCCE22747984200F7D2FE /* TTHuoshanViewController.swift in Sources */ = {isa = PBXBuildFile; fileRef = F57FCCCD2747984200F7D2FE /* TTHuoshanViewController.swift */; };
		F57FCCE32747984200F7D2FE /* AppDelegate.swift in Sources */ = {isa = PBXBuildFile; fileRef = F57FCCD12747984200F7D2FE /* AppDelegate.swift */; };
		F57FCCE52747984200F7D2FE /* TTMineViewController.swift in Sources */ = {isa = PBXBuildFile; fileRef = F57FCCD52747984200F7D2FE /* TTMineViewController.swift */; };
		F57FCCE62747984200F7D2FE /* TTTabBarController.swift in Sources */ = {isa = PBXBuildFile; fileRef = F57FCCDA2747984200F7D2FE /* TTTabBarController.swift */; };
		F57FCCE72747984200F7D2FE /* TTNavigationController.swift in Sources */ = {isa = PBXBuildFile; fileRef = F57FCCDB2747984200F7D2FE /* TTNavigationController.swift */; };
		F57FCCE82747984200F7D2FE /* TTBaseViewController.swift in Sources */ = {isa = PBXBuildFile; fileRef = F57FCCDC2747984200F7D2FE /* TTBaseViewController.swift */; };
		F57FCCE92747984200F7D2FE /* TTTabBar.swift in Sources */ = {isa = PBXBuildFile; fileRef = F57FCCDF2747984200F7D2FE /* TTTabBar.swift */; };
		F57FCCEE274B959700F7D2FE /* Const.swift in Sources */ = {isa = PBXBuildFile; fileRef = F57FCCED274B959600F7D2FE /* Const.swift */; };
		F57FCCF0274B962900F7D2FE /* UIColor+Extention.swift in Sources */ = {isa = PBXBuildFile; fileRef = F57FCCEF274B962900F7D2FE /* UIColor+Extention.swift */; };
		F57FCCF3274CD64400F7D2FE /* TTNetworkTool.swift in Sources */ = {isa = PBXBuildFile; fileRef = F57FCCF2274CD64400F7D2FE /* TTNetworkTool.swift */; };
		F57FCCF6274CE24900F7D2FE /* MyCellModel.swift in Sources */ = {isa = PBXBuildFile; fileRef = F57FCCF5274CE24900F7D2FE /* MyCellModel.swift */; };
		F5A05A4227C4E2B700AE961B /* TTSettingTableViewController.swift in Sources */ = {isa = PBXBuildFile; fileRef = F5A05A4127C4E2B700AE961B /* TTSettingTableViewController.swift */; };
		F5A05A4627C6094400AE961B /* emoji_mapping.plist in Resources */ = {isa = PBXBuildFile; fileRef = F5A05A4327C6094400AE961B /* emoji_mapping.plist */; };
		F5A05A4727C6094400AE961B /* settingPlist.plist in Resources */ = {isa = PBXBuildFile; fileRef = F5A05A4427C6094400AE961B /* settingPlist.plist */; };
		F5A05A4827C6094400AE961B /* emoji_sort.plist in Resources */ = {isa = PBXBuildFile; fileRef = F5A05A4527C6094400AE961B /* emoji_sort.plist */; };
		F5A05A4A27C6099A00AE961B /* TTSettingModel.swift in Sources */ = {isa = PBXBuildFile; fileRef = F5A05A4927C6099A00AE961B /* TTSettingModel.swift */; };
		F5A05A4D27C60FE000AE961B /* TTSettingCell.swift in Sources */ = {isa = PBXBuildFile; fileRef = F5A05A4B27C60FE000AE961B /* TTSettingCell.swift */; };
		F5A05A4E27C60FE000AE961B /* TTSettingCell.xib in Resources */ = {isa = PBXBuildFile; fileRef = F5A05A4C27C60FE000AE961B /* TTSettingCell.xib */; };
		F5A05A5027C6445300AE961B /* SettingTools.swift in Sources */ = {isa = PBXBuildFile; fileRef = F5A05A4F27C6445300AE961B /* SettingTools.swift */; };
		F5A05A5227C78B1900AE961B /* TTOfflineDownloadViewController.swift in Sources */ = {isa = PBXBuildFile; fileRef = F5A05A5127C78B1900AE961B /* TTOfflineDownloadViewController.swift */; };
		F5A05A5527C8B08700AE961B /* TTOfflineDownloadCell.swift in Sources */ = {isa = PBXBuildFile; fileRef = F5A05A5327C8B08700AE961B /* TTOfflineDownloadCell.swift */; };
		F5A05A5627C8B08700AE961B /* TTOfflineDownloadCell.xib in Resources */ = {isa = PBXBuildFile; fileRef = F5A05A5427C8B08700AE961B /* TTOfflineDownloadCell.xib */; };
		F5A05A5827C8BE6D00AE961B /* TTHomeNewsTitle.swift in Sources */ = {isa = PBXBuildFile; fileRef = F5A05A5727C8BE6D00AE961B /* TTHomeNewsTitle.swift */; };
		F5A05A5A27CF5FEF00AE961B /* SQLiteManager.swift in Sources */ = {isa = PBXBuildFile; fileRef = F5A05A5927CF5FEF00AE961B /* SQLiteManager.swift */; };
		F5A05A5C27CF60E300AE961B /* libsqlite3.0.tbd in Frameworks */ = {isa = PBXBuildFile; fileRef = F5A05A5B27CF60E300AE961B /* libsqlite3.0.tbd */; };
		F5A2FF58278D616500820D5C /* TTFirstSectionCell.swift in Sources */ = {isa = PBXBuildFile; fileRef = F5A2FF56278D616300820D5C /* TTFirstSectionCell.swift */; };
		F5A2FF59278D616500820D5C /* TTFirstSectionCell.xib in Resources */ = {isa = PBXBuildFile; fileRef = F5A2FF57278D616300820D5C /* TTFirstSectionCell.xib */; };
		F5A2FF5B278D773D00820D5C /* UIView+Extention.swift in Sources */ = {isa = PBXBuildFile; fileRef = F5A2FF5A278D773D00820D5C /* UIView+Extention.swift */; };
		F5A2FF5D278EC00100820D5C /* UITableView+Extention.swift in Sources */ = {isa = PBXBuildFile; fileRef = F5A2FF5C278EBFFF00820D5C /* UITableView+Extention.swift */; };
		F5A2FF5F278ECC1D00820D5C /* UICollectionView+Extention.swift in Sources */ = {isa = PBXBuildFile; fileRef = F5A2FF5E278ECC1C00820D5C /* UICollectionView+Extention.swift */; };
		F5A2FF62279155B500820D5C /* TTMyConcernCell.swift in Sources */ = {isa = PBXBuildFile; fileRef = F5A2FF60279155B400820D5C /* TTMyConcernCell.swift */; };
		F5A2FF63279155B500820D5C /* TTMyConcernCell.xib in Resources */ = {isa = PBXBuildFile; fileRef = F5A2FF61279155B400820D5C /* TTMyConcernCell.xib */; };
		F5A2FF652799656E00820D5C /* TTNoLoginHeaderView.swift in Sources */ = {isa = PBXBuildFile; fileRef = F5A2FF642799656D00820D5C /* TTNoLoginHeaderView.swift */; };
		F5A2FF672799658E00820D5C /* TTNoLoginHeaderView.xib in Resources */ = {isa = PBXBuildFile; fileRef = F5A2FF662799658E00820D5C /* TTNoLoginHeaderView.xib */; };
/* End PBXBuildFile section */

/* Begin PBXContainerItemProxy section */
		F57FCC2327463A1200F7D2FE /* PBXContainerItemProxy */ = {
			isa = PBXContainerItemProxy;
			containerPortal = F57FCC0427463A0D00F7D2FE /* Project object */;
			proxyType = 1;
			remoteGlobalIDString = F57FCC0B27463A0D00F7D2FE;
			remoteInfo = News;
		};
		F57FCC2E27463A1200F7D2FE /* PBXContainerItemProxy */ = {
			isa = PBXContainerItemProxy;
			containerPortal = F57FCC0427463A0D00F7D2FE /* Project object */;
			proxyType = 1;
			remoteGlobalIDString = F57FCC0B27463A0D00F7D2FE;
			remoteInfo = News;
		};
/* End PBXContainerItemProxy section */

/* Begin PBXFileReference section */
		16A0C97E6D842A0641046D59 /* Pods-News.release.xcconfig */ = {isa = PBXFileReference; includeInIndex = 1; lastKnownFileType = text.xcconfig; name = "Pods-News.release.xcconfig"; path = "Target Support Files/Pods-News/Pods-News.release.xcconfig"; sourceTree = "<group>"; };
		8E4A3442A274908257094ED8 /* Pods-News.debug.xcconfig */ = {isa = PBXFileReference; includeInIndex = 1; lastKnownFileType = text.xcconfig; name = "Pods-News.debug.xcconfig"; path = "Target Support Files/Pods-News/Pods-News.debug.xcconfig"; sourceTree = "<group>"; };
		DF45454DC6FD3495A637FFE0 /* Pods_News.framework */ = {isa = PBXFileReference; explicitFileType = wrapper.framework; includeInIndex = 0; path = Pods_News.framework; sourceTree = BUILT_PRODUCTS_DIR; };
		F505A5672758BEE90073DF49 /* TTMyOtherCell.swift */ = {isa = PBXFileReference; lastKnownFileType = sourcecode.swift; path = TTMyOtherCell.swift; sourceTree = "<group>"; };
		F505A5682758BEE90073DF49 /* TTMyOtherCell.xib */ = {isa = PBXFileReference; lastKnownFileType = file.xib; path = TTMyOtherCell.xib; sourceTree = "<group>"; };
		F578142E27BCDE82004D36FE /* TTMyTheme.swift */ = {isa = PBXFileReference; lastKnownFileType = sourcecode.swift; path = TTMyTheme.swift; sourceTree = "<group>"; };
		F578143127BCE2C0004D36FE /* default_theme.plist */ = {isa = PBXFileReference; fileEncoding = 4; lastKnownFileType = text.plist.xml; path = default_theme.plist; sourceTree = "<group>"; };
		F578143227BCE2C0004D36FE /* night_theme.plist */ = {isa = PBXFileReference; fileEncoding = 4; lastKnownFileType = text.plist.xml; path = night_theme.plist; sourceTree = "<group>"; };
		F578143727C37737004D36FE /* TTMoreLoginViewController.swift */ = {isa = PBXFileReference; lastKnownFileType = sourcecode.swift; path = TTMoreLoginViewController.swift; sourceTree = "<group>"; };
		F578143927C37805004D36FE /* TTMoreLoginViewController.storyboard */ = {isa = PBXFileReference; lastKnownFileType = file.storyboard; path = TTMoreLoginViewController.storyboard; sourceTree = "<group>"; };
		F578143B27C4BFED004D36FE /* TTConstFunc.swift */ = {isa = PBXFileReference; lastKnownFileType = sourcecode.swift; path = TTConstFunc.swift; sourceTree = "<group>"; };
		F57FCC0C27463A0D00F7D2FE /* News.app */ = {isa = PBXFileReference; explicitFileType = wrapper.application; includeInIndex = 0; path = News.app; sourceTree = BUILT_PRODUCTS_DIR; };
		F57FCC1827463A1200F7D2FE /* Assets.xcassets */ = {isa = PBXFileReference; lastKnownFileType = folder.assetcatalog; path = Assets.xcassets; sourceTree = "<group>"; };
		F57FCC1B27463A1200F7D2FE /* Base */ = {isa = PBXFileReference; lastKnownFileType = file.storyboard; name = Base; path = Base.lproj/LaunchScreen.storyboard; sourceTree = "<group>"; };
		F57FCC2227463A1200F7D2FE /* NewsTests.xctest */ = {isa = PBXFileReference; explicitFileType = wrapper.cfbundle; includeInIndex = 0; path = NewsTests.xctest; sourceTree = BUILT_PRODUCTS_DIR; };
		F57FCC2627463A1200F7D2FE /* NewsTests.swift */ = {isa = PBXFileReference; lastKnownFileType = sourcecode.swift; path = NewsTests.swift; sourceTree = "<group>"; };
		F57FCC2827463A1200F7D2FE /* Info.plist */ = {isa = PBXFileReference; lastKnownFileType = text.plist.xml; path = Info.plist; sourceTree = "<group>"; };
		F57FCC2D27463A1200F7D2FE /* NewsUITests.xctest */ = {isa = PBXFileReference; explicitFileType = wrapper.cfbundle; includeInIndex = 0; path = NewsUITests.xctest; sourceTree = BUILT_PRODUCTS_DIR; };
		F57FCC3127463A1200F7D2FE /* NewsUITests.swift */ = {isa = PBXFileReference; lastKnownFileType = sourcecode.swift; path = NewsUITests.swift; sourceTree = "<group>"; };
		F57FCC3327463A1200F7D2FE /* Info.plist */ = {isa = PBXFileReference; lastKnownFileType = text.plist.xml; path = Info.plist; sourceTree = "<group>"; };
		F57FCCC32747984200F7D2FE /* TTHomeViewController.swift */ = {isa = PBXFileReference; fileEncoding = 4; lastKnownFileType = sourcecode.swift; path = TTHomeViewController.swift; sourceTree = "<group>"; };
		F57FCCC82747984200F7D2FE /* TTVideoViewController.swift */ = {isa = PBXFileReference; fileEncoding = 4; lastKnownFileType = sourcecode.swift; path = TTVideoViewController.swift; sourceTree = "<group>"; };
		F57FCCCD2747984200F7D2FE /* TTHuoshanViewController.swift */ = {isa = PBXFileReference; fileEncoding = 4; lastKnownFileType = sourcecode.swift; path = TTHuoshanViewController.swift; sourceTree = "<group>"; };
		F57FCCD12747984200F7D2FE /* AppDelegate.swift */ = {isa = PBXFileReference; fileEncoding = 4; lastKnownFileType = sourcecode.swift; path = AppDelegate.swift; sourceTree = "<group>"; };
		F57FCCD22747984200F7D2FE /* Info.plist */ = {isa = PBXFileReference; fileEncoding = 4; lastKnownFileType = text.plist.xml; path = Info.plist; sourceTree = "<group>"; };
		F57FCCD52747984200F7D2FE /* TTMineViewController.swift */ = {isa = PBXFileReference; fileEncoding = 4; lastKnownFileType = sourcecode.swift; path = TTMineViewController.swift; sourceTree = "<group>"; };
		F57FCCDA2747984200F7D2FE /* TTTabBarController.swift */ = {isa = PBXFileReference; fileEncoding = 4; lastKnownFileType = sourcecode.swift; path = TTTabBarController.swift; sourceTree = "<group>"; };
		F57FCCDB2747984200F7D2FE /* TTNavigationController.swift */ = {isa = PBXFileReference; fileEncoding = 4; lastKnownFileType = sourcecode.swift; path = TTNavigationController.swift; sourceTree = "<group>"; };
		F57FCCDC2747984200F7D2FE /* TTBaseViewController.swift */ = {isa = PBXFileReference; fileEncoding = 4; lastKnownFileType = sourcecode.swift; path = TTBaseViewController.swift; sourceTree = "<group>"; };
		F57FCCDF2747984200F7D2FE /* TTTabBar.swift */ = {isa = PBXFileReference; fileEncoding = 4; lastKnownFileType = sourcecode.swift; path = TTTabBar.swift; sourceTree = "<group>"; };
		F57FCCED274B959600F7D2FE /* Const.swift */ = {isa = PBXFileReference; lastKnownFileType = sourcecode.swift; path = Const.swift; sourceTree = "<group>"; };
		F57FCCEF274B962900F7D2FE /* UIColor+Extention.swift */ = {isa = PBXFileReference; lastKnownFileType = sourcecode.swift; path = "UIColor+Extention.swift"; sourceTree = "<group>"; };
		F57FCCF2274CD64400F7D2FE /* TTNetworkTool.swift */ = {isa = PBXFileReference; lastKnownFileType = sourcecode.swift; path = TTNetworkTool.swift; sourceTree = "<group>"; };
		F57FCCF5274CE24900F7D2FE /* MyCellModel.swift */ = {isa = PBXFileReference; lastKnownFileType = sourcecode.swift; path = MyCellModel.swift; sourceTree = "<group>"; };
		F5A05A4127C4E2B700AE961B /* TTSettingTableViewController.swift */ = {isa = PBXFileReference; lastKnownFileType = sourcecode.swift; path = TTSettingTableViewController.swift; sourceTree = "<group>"; };
		F5A05A4327C6094400AE961B /* emoji_mapping.plist */ = {isa = PBXFileReference; lastKnownFileType = file.bplist; path = emoji_mapping.plist; sourceTree = "<group>"; };
		F5A05A4427C6094400AE961B /* settingPlist.plist */ = {isa = PBXFileReference; fileEncoding = 4; lastKnownFileType = text.plist.xml; path = settingPlist.plist; sourceTree = "<group>"; };
		F5A05A4527C6094400AE961B /* emoji_sort.plist */ = {isa = PBXFileReference; lastKnownFileType = file.bplist; path = emoji_sort.plist; sourceTree = "<group>"; };
		F5A05A4927C6099A00AE961B /* TTSettingModel.swift */ = {isa = PBXFileReference; lastKnownFileType = sourcecode.swift; path = TTSettingModel.swift; sourceTree = "<group>"; };
		F5A05A4B27C60FE000AE961B /* TTSettingCell.swift */ = {isa = PBXFileReference; lastKnownFileType = sourcecode.swift; path = TTSettingCell.swift; sourceTree = "<group>"; };
		F5A05A4C27C60FE000AE961B /* TTSettingCell.xib */ = {isa = PBXFileReference; lastKnownFileType = file.xib; path = TTSettingCell.xib; sourceTree = "<group>"; };
		F5A05A4F27C6445300AE961B /* SettingTools.swift */ = {isa = PBXFileReference; lastKnownFileType = sourcecode.swift; path = SettingTools.swift; sourceTree = "<group>"; };
		F5A05A5127C78B1900AE961B /* TTOfflineDownloadViewController.swift */ = {isa = PBXFileReference; lastKnownFileType = sourcecode.swift; path = TTOfflineDownloadViewController.swift; sourceTree = "<group>"; };
		F5A05A5327C8B08700AE961B /* TTOfflineDownloadCell.swift */ = {isa = PBXFileReference; lastKnownFileType = sourcecode.swift; path = TTOfflineDownloadCell.swift; sourceTree = "<group>"; };
		F5A05A5427C8B08700AE961B /* TTOfflineDownloadCell.xib */ = {isa = PBXFileReference; lastKnownFileType = file.xib; path = TTOfflineDownloadCell.xib; sourceTree = "<group>"; };
		F5A05A5727C8BE6D00AE961B /* TTHomeNewsTitle.swift */ = {isa = PBXFileReference; lastKnownFileType = sourcecode.swift; path = TTHomeNewsTitle.swift; sourceTree = "<group>"; };
		F5A05A5927CF5FEF00AE961B /* SQLiteManager.swift */ = {isa = PBXFileReference; lastKnownFileType = sourcecode.swift; path = SQLiteManager.swift; sourceTree = "<group>"; };
		F5A05A5B27CF60E300AE961B /* libsqlite3.0.tbd */ = {isa = PBXFileReference; lastKnownFileType = "sourcecode.text-based-dylib-definition"; name = libsqlite3.0.tbd; path = usr/lib/libsqlite3.0.tbd; sourceTree = SDKROOT; };
		F5A2FF56278D616300820D5C /* TTFirstSectionCell.swift */ = {isa = PBXFileReference; lastKnownFileType = sourcecode.swift; path = TTFirstSectionCell.swift; sourceTree = "<group>"; };
		F5A2FF57278D616300820D5C /* TTFirstSectionCell.xib */ = {isa = PBXFileReference; lastKnownFileType = file.xib; path = TTFirstSectionCell.xib; sourceTree = "<group>"; };
		F5A2FF5A278D773D00820D5C /* UIView+Extention.swift */ = {isa = PBXFileReference; lastKnownFileType = sourcecode.swift; path = "UIView+Extention.swift"; sourceTree = "<group>"; };
		F5A2FF5C278EBFFF00820D5C /* UITableView+Extention.swift */ = {isa = PBXFileReference; lastKnownFileType = sourcecode.swift; path = "UITableView+Extention.swift"; sourceTree = "<group>"; };
		F5A2FF5E278ECC1C00820D5C /* UICollectionView+Extention.swift */ = {isa = PBXFileReference; lastKnownFileType = sourcecode.swift; path = "UICollectionView+Extention.swift"; sourceTree = "<group>"; };
		F5A2FF60279155B400820D5C /* TTMyConcernCell.swift */ = {isa = PBXFileReference; lastKnownFileType = sourcecode.swift; path = TTMyConcernCell.swift; sourceTree = "<group>"; };
		F5A2FF61279155B400820D5C /* TTMyConcernCell.xib */ = {isa = PBXFileReference; lastKnownFileType = file.xib; path = TTMyConcernCell.xib; sourceTree = "<group>"; };
		F5A2FF642799656D00820D5C /* TTNoLoginHeaderView.swift */ = {isa = PBXFileReference; lastKnownFileType = sourcecode.swift; path = TTNoLoginHeaderView.swift; sourceTree = "<group>"; };
		F5A2FF662799658E00820D5C /* TTNoLoginHeaderView.xib */ = {isa = PBXFileReference; lastKnownFileType = file.xib; path = TTNoLoginHeaderView.xib; sourceTree = "<group>"; };
/* End PBXFileReference section */

/* Begin PBXFrameworksBuildPhase section */
		F57FCC0927463A0D00F7D2FE /* Frameworks */ = {
			isa = PBXFrameworksBuildPhase;
			buildActionMask = 2147483647;
			files = (
				F5A05A5C27CF60E300AE961B /* libsqlite3.0.tbd in Frameworks */,
				83AFF1D07FFE5085A62FAFBC /* Pods_News.framework in Frameworks */,
			);
			runOnlyForDeploymentPostprocessing = 0;
		};
		F57FCC1F27463A1200F7D2FE /* Frameworks */ = {
			isa = PBXFrameworksBuildPhase;
			buildActionMask = 2147483647;
			files = (
			);
			runOnlyForDeploymentPostprocessing = 0;
		};
		F57FCC2A27463A1200F7D2FE /* Frameworks */ = {
			isa = PBXFrameworksBuildPhase;
			buildActionMask = 2147483647;
			files = (
			);
			runOnlyForDeploymentPostprocessing = 0;
		};
/* End PBXFrameworksBuildPhase section */

/* Begin PBXGroup section */
		34DC7EA50A7769B421FE3A08 /* Pods */ = {
			isa = PBXGroup;
			children = (
				8E4A3442A274908257094ED8 /* Pods-News.debug.xcconfig */,
				16A0C97E6D842A0641046D59 /* Pods-News.release.xcconfig */,
			);
			path = Pods;
			sourceTree = "<group>";
		};
		F49C675BF132C889783CC9FC /* Frameworks */ = {
			isa = PBXGroup;
			children = (
				F5A05A5B27CF60E300AE961B /* libsqlite3.0.tbd */,
				DF45454DC6FD3495A637FFE0 /* Pods_News.framework */,
			);
			name = Frameworks;
			sourceTree = "<group>";
		};
		F578143027BCE2C0004D36FE /* Theme */ = {
			isa = PBXGroup;
			children = (
				F578143127BCE2C0004D36FE /* default_theme.plist */,
				F578143227BCE2C0004D36FE /* night_theme.plist */,
			);
			path = Theme;
			sourceTree = "<group>";
		};
		F57FCC0327463A0D00F7D2FE = {
			isa = PBXGroup;
			children = (
				F57FCC0E27463A0D00F7D2FE /* News */,
				F57FCC2527463A1200F7D2FE /* NewsTests */,
				F57FCC3027463A1200F7D2FE /* NewsUITests */,
				F57FCC0D27463A0D00F7D2FE /* Products */,
				34DC7EA50A7769B421FE3A08 /* Pods */,
				F49C675BF132C889783CC9FC /* Frameworks */,
			);
			sourceTree = "<group>";
		};
		F57FCC0D27463A0D00F7D2FE /* Products */ = {
			isa = PBXGroup;
			children = (
				F57FCC0C27463A0D00F7D2FE /* News.app */,
				F57FCC2227463A1200F7D2FE /* NewsTests.xctest */,
				F57FCC2D27463A1200F7D2FE /* NewsUITests.xctest */,
			);
			name = Products;
			sourceTree = "<group>";
		};
		F57FCC0E27463A0D00F7D2FE /* News */ = {
			isa = PBXGroup;
			children = (
				F57FCCC02747984200F7D2FE /* Classes */,
				F57FCC1827463A1200F7D2FE /* Assets.xcassets */,
				F57FCC1A27463A1200F7D2FE /* LaunchScreen.storyboard */,
			);
			path = News;
			sourceTree = "<group>";
		};
		F57FCC2527463A1200F7D2FE /* NewsTests */ = {
			isa = PBXGroup;
			children = (
				F57FCC2627463A1200F7D2FE /* NewsTests.swift */,
				F57FCC2827463A1200F7D2FE /* Info.plist */,
			);
			path = NewsTests;
			sourceTree = "<group>";
		};
		F57FCC3027463A1200F7D2FE /* NewsUITests */ = {
			isa = PBXGroup;
			children = (
				F57FCC3127463A1200F7D2FE /* NewsUITests.swift */,
				F57FCC3327463A1200F7D2FE /* Info.plist */,
			);
			path = NewsUITests;
			sourceTree = "<group>";
		};
		F57FCCC02747984200F7D2FE /* Classes */ = {
			isa = PBXGroup;
			children = (
				F57FCCC12747984200F7D2FE /* Home */,
				F57FCCC62747984200F7D2FE /* Video */,
				F57FCCCB2747984200F7D2FE /* Huoshan */,
				F57FCCD02747984200F7D2FE /* Others */,
				F57FCCD32747984200F7D2FE /* Mine */,
				F57FCCD82747984200F7D2FE /* Base */,
			);
			path = Classes;
			sourceTree = "<group>";
		};
		F57FCCC12747984200F7D2FE /* Home */ = {
			isa = PBXGroup;
			children = (
				F57FCCC22747984200F7D2FE /* Controller */,
				F57FCCC42747984200F7D2FE /* Model */,
				F57FCCC52747984200F7D2FE /* View */,
			);
			path = Home;
			sourceTree = "<group>";
		};
		F57FCCC22747984200F7D2FE /* Controller */ = {
			isa = PBXGroup;
			children = (
				F57FCCC32747984200F7D2FE /* TTHomeViewController.swift */,
			);
			path = Controller;
			sourceTree = "<group>";
		};
		F57FCCC42747984200F7D2FE /* Model */ = {
			isa = PBXGroup;
			children = (
				F5A05A5727C8BE6D00AE961B /* TTHomeNewsTitle.swift */,
			);
			path = Model;
			sourceTree = "<group>";
		};
		F57FCCC52747984200F7D2FE /* View */ = {
			isa = PBXGroup;
			children = (
			);
			path = View;
			sourceTree = "<group>";
		};
		F57FCCC62747984200F7D2FE /* Video */ = {
			isa = PBXGroup;
			children = (
				F57FCCC72747984200F7D2FE /* Controller */,
				F57FCCC92747984200F7D2FE /* Model */,
				F57FCCCA2747984200F7D2FE /* View */,
			);
			path = Video;
			sourceTree = "<group>";
		};
		F57FCCC72747984200F7D2FE /* Controller */ = {
			isa = PBXGroup;
			children = (
				F57FCCC82747984200F7D2FE /* TTVideoViewController.swift */,
			);
			path = Controller;
			sourceTree = "<group>";
		};
		F57FCCC92747984200F7D2FE /* Model */ = {
			isa = PBXGroup;
			children = (
			);
			path = Model;
			sourceTree = "<group>";
		};
		F57FCCCA2747984200F7D2FE /* View */ = {
			isa = PBXGroup;
			children = (
			);
			path = View;
			sourceTree = "<group>";
		};
		F57FCCCB2747984200F7D2FE /* Huoshan */ = {
			isa = PBXGroup;
			children = (
				F57FCCCC2747984200F7D2FE /* Controller */,
				F57FCCCE2747984200F7D2FE /* Model */,
				F57FCCCF2747984200F7D2FE /* View */,
			);
			path = Huoshan;
			sourceTree = "<group>";
		};
		F57FCCCC2747984200F7D2FE /* Controller */ = {
			isa = PBXGroup;
			children = (
				F57FCCCD2747984200F7D2FE /* TTHuoshanViewController.swift */,
			);
			path = Controller;
			sourceTree = "<group>";
		};
		F57FCCCE2747984200F7D2FE /* Model */ = {
			isa = PBXGroup;
			children = (
			);
			path = Model;
			sourceTree = "<group>";
		};
		F57FCCCF2747984200F7D2FE /* View */ = {
			isa = PBXGroup;
			children = (
			);
			path = View;
			sourceTree = "<group>";
		};
		F57FCCD02747984200F7D2FE /* Others */ = {
			isa = PBXGroup;
			children = (
				F578143027BCE2C0004D36FE /* Theme */,
				F57FCCD12747984200F7D2FE /* AppDelegate.swift */,
				F57FCCED274B959600F7D2FE /* Const.swift */,
				F578143B27C4BFED004D36FE /* TTConstFunc.swift */,
				F5A05A4327C6094400AE961B /* emoji_mapping.plist */,
				F5A05A4527C6094400AE961B /* emoji_sort.plist */,
				F5A05A4427C6094400AE961B /* settingPlist.plist */,
				F57FCCD22747984200F7D2FE /* Info.plist */,
				F57FCCF1274CD60F00F7D2FE /* Extentions */,
				F57FCCF4274CD64D00F7D2FE /* Tools */,
			);
			path = Others;
			sourceTree = "<group>";
		};
		F57FCCD32747984200F7D2FE /* Mine */ = {
			isa = PBXGroup;
			children = (
				F57FCCD42747984200F7D2FE /* Controller */,
				F57FCCD62747984200F7D2FE /* Model */,
				F57FCCD72747984200F7D2FE /* View */,
			);
			path = Mine;
			sourceTree = "<group>";
		};
		F57FCCD42747984200F7D2FE /* Controller */ = {
			isa = PBXGroup;
			children = (
				F57FCCD52747984200F7D2FE /* TTMineViewController.swift */,
				F578143727C37737004D36FE /* TTMoreLoginViewController.swift */,
				F578143927C37805004D36FE /* TTMoreLoginViewController.storyboard */,
				F5A05A4127C4E2B700AE961B /* TTSettingTableViewController.swift */,
				F5A05A5127C78B1900AE961B /* TTOfflineDownloadViewController.swift */,
			);
			path = Controller;
			sourceTree = "<group>";
		};
		F57FCCD62747984200F7D2FE /* Model */ = {
			isa = PBXGroup;
			children = (
				F57FCCF5274CE24900F7D2FE /* MyCellModel.swift */,
				F5A05A4927C6099A00AE961B /* TTSettingModel.swift */,
			);
			path = Model;
			sourceTree = "<group>";
		};
		F57FCCD72747984200F7D2FE /* View */ = {
			isa = PBXGroup;
			children = (
				F505A5672758BEE90073DF49 /* TTMyOtherCell.swift */,
				F505A5682758BEE90073DF49 /* TTMyOtherCell.xib */,
				F5A2FF56278D616300820D5C /* TTFirstSectionCell.swift */,
				F5A2FF57278D616300820D5C /* TTFirstSectionCell.xib */,
				F5A2FF60279155B400820D5C /* TTMyConcernCell.swift */,
				F5A2FF61279155B400820D5C /* TTMyConcernCell.xib */,
				F5A2FF642799656D00820D5C /* TTNoLoginHeaderView.swift */,
				F5A2FF662799658E00820D5C /* TTNoLoginHeaderView.xib */,
				F5A05A4B27C60FE000AE961B /* TTSettingCell.swift */,
				F5A05A4C27C60FE000AE961B /* TTSettingCell.xib */,
				F5A05A5327C8B08700AE961B /* TTOfflineDownloadCell.swift */,
				F5A05A5427C8B08700AE961B /* TTOfflineDownloadCell.xib */,
			);
			path = View;
			sourceTree = "<group>";
		};
		F57FCCD82747984200F7D2FE /* Base */ = {
			isa = PBXGroup;
			children = (
				F57FCCD92747984200F7D2FE /* Controller */,
				F57FCCDD2747984200F7D2FE /* Model */,
				F57FCCDE2747984200F7D2FE /* View */,
			);
			path = Base;
			sourceTree = "<group>";
		};
		F57FCCD92747984200F7D2FE /* Controller */ = {
			isa = PBXGroup;
			children = (
				F57FCCDA2747984200F7D2FE /* TTTabBarController.swift */,
				F57FCCDB2747984200F7D2FE /* TTNavigationController.swift */,
				F57FCCDC2747984200F7D2FE /* TTBaseViewController.swift */,
			);
			path = Controller;
			sourceTree = "<group>";
		};
		F57FCCDD2747984200F7D2FE /* Model */ = {
			isa = PBXGroup;
			children = (
			);
			path = Model;
			sourceTree = "<group>";
		};
		F57FCCDE2747984200F7D2FE /* View */ = {
			isa = PBXGroup;
			children = (
				F57FCCDF2747984200F7D2FE /* TTTabBar.swift */,
			);
			path = View;
			sourceTree = "<group>";
		};
		F57FCCF1274CD60F00F7D2FE /* Extentions */ = {
			isa = PBXGroup;
			children = (
				F57FCCEF274B962900F7D2FE /* UIColor+Extention.swift */,
				F5A2FF5A278D773D00820D5C /* UIView+Extention.swift */,
				F5A2FF5C278EBFFF00820D5C /* UITableView+Extention.swift */,
				F5A2FF5E278ECC1C00820D5C /* UICollectionView+Extention.swift */,
			);
			path = Extentions;
			sourceTree = "<group>";
		};
		F57FCCF4274CD64D00F7D2FE /* Tools */ = {
			isa = PBXGroup;
			children = (
				F57FCCF2274CD64400F7D2FE /* TTNetworkTool.swift */,
				F578142E27BCDE82004D36FE /* TTMyTheme.swift */,
				F5A05A4F27C6445300AE961B /* SettingTools.swift */,
				F5A05A5927CF5FEF00AE961B /* SQLiteManager.swift */,
			);
			path = Tools;
			sourceTree = "<group>";
		};
/* End PBXGroup section */

/* Begin PBXNativeTarget section */
		F57FCC0B27463A0D00F7D2FE /* News */ = {
			isa = PBXNativeTarget;
			buildConfigurationList = F57FCC3627463A1200F7D2FE /* Build configuration list for PBXNativeTarget "News" */;
			buildPhases = (
				3A4103023248E63A27A6ADA4 /* [CP] Check Pods Manifest.lock */,
				F57FCC0827463A0D00F7D2FE /* Sources */,
				F57FCC0927463A0D00F7D2FE /* Frameworks */,
				F57FCC0A27463A0D00F7D2FE /* Resources */,
				A0F5D8E84AE1DF582C1BBFB3 /* [CP] Embed Pods Frameworks */,
			);
			buildRules = (
			);
			dependencies = (
			);
			name = News;
			productName = News;
			productReference = F57FCC0C27463A0D00F7D2FE /* News.app */;
			productType = "com.apple.product-type.application";
		};
		F57FCC2127463A1200F7D2FE /* NewsTests */ = {
			isa = PBXNativeTarget;
			buildConfigurationList = F57FCC3927463A1200F7D2FE /* Build configuration list for PBXNativeTarget "NewsTests" */;
			buildPhases = (
				F57FCC1E27463A1200F7D2FE /* Sources */,
				F57FCC1F27463A1200F7D2FE /* Frameworks */,
				F57FCC2027463A1200F7D2FE /* Resources */,
			);
			buildRules = (
			);
			dependencies = (
				F57FCC2427463A1200F7D2FE /* PBXTargetDependency */,
			);
			name = NewsTests;
			productName = NewsTests;
			productReference = F57FCC2227463A1200F7D2FE /* NewsTests.xctest */;
			productType = "com.apple.product-type.bundle.unit-test";
		};
		F57FCC2C27463A1200F7D2FE /* NewsUITests */ = {
			isa = PBXNativeTarget;
			buildConfigurationList = F57FCC3C27463A1200F7D2FE /* Build configuration list for PBXNativeTarget "NewsUITests" */;
			buildPhases = (
				F57FCC2927463A1200F7D2FE /* Sources */,
				F57FCC2A27463A1200F7D2FE /* Frameworks */,
				F57FCC2B27463A1200F7D2FE /* Resources */,
			);
			buildRules = (
			);
			dependencies = (
				F57FCC2F27463A1200F7D2FE /* PBXTargetDependency */,
			);
			name = NewsUITests;
			productName = NewsUITests;
			productReference = F57FCC2D27463A1200F7D2FE /* NewsUITests.xctest */;
			productType = "com.apple.product-type.bundle.ui-testing";
		};
/* End PBXNativeTarget section */

/* Begin PBXProject section */
		F57FCC0427463A0D00F7D2FE /* Project object */ = {
			isa = PBXProject;
			attributes = {
				CLASSPREFIX = TT;
				LastSwiftUpdateCheck = 1250;
				LastUpgradeCheck = 1250;
				TargetAttributes = {
					F57FCC0B27463A0D00F7D2FE = {
						CreatedOnToolsVersion = 12.5.1;
						LastSwiftMigration = 1250;
					};
					F57FCC2127463A1200F7D2FE = {
						CreatedOnToolsVersion = 12.5.1;
						TestTargetID = F57FCC0B27463A0D00F7D2FE;
					};
					F57FCC2C27463A1200F7D2FE = {
						CreatedOnToolsVersion = 12.5.1;
						TestTargetID = F57FCC0B27463A0D00F7D2FE;
					};
				};
			};
			buildConfigurationList = F57FCC0727463A0D00F7D2FE /* Build configuration list for PBXProject "News" */;
			compatibilityVersion = "Xcode 9.3";
			developmentRegion = en;
			hasScannedForEncodings = 0;
			knownRegions = (
				en,
				Base,
			);
			mainGroup = F57FCC0327463A0D00F7D2FE;
			productRefGroup = F57FCC0D27463A0D00F7D2FE /* Products */;
			projectDirPath = "";
			projectRoot = "";
			targets = (
				F57FCC0B27463A0D00F7D2FE /* News */,
				F57FCC2127463A1200F7D2FE /* NewsTests */,
				F57FCC2C27463A1200F7D2FE /* NewsUITests */,
			);
		};
/* End PBXProject section */

/* Begin PBXResourcesBuildPhase section */
		F57FCC0A27463A0D00F7D2FE /* Resources */ = {
			isa = PBXResourcesBuildPhase;
			buildActionMask = 2147483647;
			files = (
				F5A2FF672799658E00820D5C /* TTNoLoginHeaderView.xib in Resources */,
				F5A2FF59278D616500820D5C /* TTFirstSectionCell.xib in Resources */,
				F57FCC1C27463A1200F7D2FE /* LaunchScreen.storyboard in Resources */,
				F5A2FF63279155B500820D5C /* TTMyConcernCell.xib in Resources */,
				F578143A27C37805004D36FE /* TTMoreLoginViewController.storyboard in Resources */,
				F5A05A4827C6094400AE961B /* emoji_sort.plist in Resources */,
				F5A05A4727C6094400AE961B /* settingPlist.plist in Resources */,
				F5A05A4E27C60FE000AE961B /* TTSettingCell.xib in Resources */,
				F57FCC1927463A1200F7D2FE /* Assets.xcassets in Resources */,
				F5A05A4627C6094400AE961B /* emoji_mapping.plist in Resources */,
				F505A56A2758BEE90073DF49 /* TTMyOtherCell.xib in Resources */,
				F5A05A5627C8B08700AE961B /* TTOfflineDownloadCell.xib in Resources */,
				F578143327BCE2C0004D36FE /* default_theme.plist in Resources */,
				F578143427BCE2C0004D36FE /* night_theme.plist in Resources */,
			);
			runOnlyForDeploymentPostprocessing = 0;
		};
		F57FCC2027463A1200F7D2FE /* Resources */ = {
			isa = PBXResourcesBuildPhase;
			buildActionMask = 2147483647;
			files = (
			);
			runOnlyForDeploymentPostprocessing = 0;
		};
		F57FCC2B27463A1200F7D2FE /* Resources */ = {
			isa = PBXResourcesBuildPhase;
			buildActionMask = 2147483647;
			files = (
			);
			runOnlyForDeploymentPostprocessing = 0;
		};
/* End PBXResourcesBuildPhase section */

/* Begin PBXShellScriptBuildPhase section */
		3A4103023248E63A27A6ADA4 /* [CP] Check Pods Manifest.lock */ = {
			isa = PBXShellScriptBuildPhase;
			buildActionMask = 2147483647;
			files = (
			);
			inputFileListPaths = (
			);
			inputPaths = (
				"${PODS_PODFILE_DIR_PATH}/Podfile.lock",
				"${PODS_ROOT}/Manifest.lock",
			);
			name = "[CP] Check Pods Manifest.lock";
			outputFileListPaths = (
			);
			outputPaths = (
				"$(DERIVED_FILE_DIR)/Pods-News-checkManifestLockResult.txt",
			);
			runOnlyForDeploymentPostprocessing = 0;
			shellPath = /bin/sh;
			shellScript = "diff \"${PODS_PODFILE_DIR_PATH}/Podfile.lock\" \"${PODS_ROOT}/Manifest.lock\" > /dev/null\nif [ $? != 0 ] ; then\n    # print error to STDERR\n    echo \"error: The sandbox is not in sync with the Podfile.lock. Run 'pod install' or update your CocoaPods installation.\" >&2\n    exit 1\nfi\n# This output is used by Xcode 'outputs' to avoid re-running this script phase.\necho \"SUCCESS\" > \"${SCRIPT_OUTPUT_FILE_0}\"\n";
			showEnvVarsInLog = 0;
		};
		A0F5D8E84AE1DF582C1BBFB3 /* [CP] Embed Pods Frameworks */ = {
			isa = PBXShellScriptBuildPhase;
			buildActionMask = 2147483647;
			files = (
			);
			inputFileListPaths = (
				"${PODS_ROOT}/Target Support Files/Pods-News/Pods-News-frameworks-${CONFIGURATION}-input-files.xcfilelist",
			);
			name = "[CP] Embed Pods Frameworks";
			outputFileListPaths = (
				"${PODS_ROOT}/Target Support Files/Pods-News/Pods-News-frameworks-${CONFIGURATION}-output-files.xcfilelist",
			);
			runOnlyForDeploymentPostprocessing = 0;
			shellPath = /bin/sh;
			shellScript = "\"${PODS_ROOT}/Target Support Files/Pods-News/Pods-News-frameworks.sh\"\n";
			showEnvVarsInLog = 0;
		};
/* End PBXShellScriptBuildPhase section */

/* Begin PBXSourcesBuildPhase section */
		F57FCC0827463A0D00F7D2FE /* Sources */ = {
			isa = PBXSourcesBuildPhase;
			buildActionMask = 2147483647;
			files = (
				F5A2FF5F278ECC1D00820D5C /* UICollectionView+Extention.swift in Sources */,
				F5A05A5A27CF5FEF00AE961B /* SQLiteManager.swift in Sources */,
				F57FCCE92747984200F7D2FE /* TTTabBar.swift in Sources */,
				F57FCCF6274CE24900F7D2FE /* MyCellModel.swift in Sources */,
				F5A2FF5D278EC00100820D5C /* UITableView+Extention.swift in Sources */,
				F505A5692758BEE90073DF49 /* TTMyOtherCell.swift in Sources */,
				F5A2FF5B278D773D00820D5C /* UIView+Extention.swift in Sources */,
				F5A2FF652799656E00820D5C /* TTNoLoginHeaderView.swift in Sources */,
				F57FCCE32747984200F7D2FE /* AppDelegate.swift in Sources */,
				F578143C27C4BFEE004D36FE /* TTConstFunc.swift in Sources */,
				F57FCCE52747984200F7D2FE /* TTMineViewController.swift in Sources */,
				F57FCCE12747984200F7D2FE /* TTVideoViewController.swift in Sources */,
				F57FCCE02747984200F7D2FE /* TTHomeViewController.swift in Sources */,
				F578143827C37737004D36FE /* TTMoreLoginViewController.swift in Sources */,
				F57FCCE22747984200F7D2FE /* TTHuoshanViewController.swift in Sources */,
				F57FCCF3274CD64400F7D2FE /* TTNetworkTool.swift in Sources */,
				F57FCCE62747984200F7D2FE /* TTTabBarController.swift in Sources */,
				F5A2FF62279155B500820D5C /* TTMyConcernCell.swift in Sources */,
				F57FCCE72747984200F7D2FE /* TTNavigationController.swift in Sources */,
				F5A05A5827C8BE6D00AE961B /* TTHomeNewsTitle.swift in Sources */,
				F57FCCF0274B962900F7D2FE /* UIColor+Extention.swift in Sources */,
				F5A05A5527C8B08700AE961B /* TTOfflineDownloadCell.swift in Sources */,
				F5A05A5027C6445300AE961B /* SettingTools.swift in Sources */,
				F57FCCE82747984200F7D2FE /* TTBaseViewController.swift in Sources */,
				F5A05A4227C4E2B700AE961B /* TTSettingTableViewController.swift in Sources */,
				F5A05A5227C78B1900AE961B /* TTOfflineDownloadViewController.swift in Sources */,
				F5A2FF58278D616500820D5C /* TTFirstSectionCell.swift in Sources */,
				F578142F27BCDE82004D36FE /* TTMyTheme.swift in Sources */,
				F57FCCEE274B959700F7D2FE /* Const.swift in Sources */,
				F5A05A4D27C60FE000AE961B /* TTSettingCell.swift in Sources */,
				F5A05A4A27C6099A00AE961B /* TTSettingModel.swift in Sources */,
			);
			runOnlyForDeploymentPostprocessing = 0;
		};
		F57FCC1E27463A1200F7D2FE /* Sources */ = {
			isa = PBXSourcesBuildPhase;
			buildActionMask = 2147483647;
			files = (
				F57FCC2727463A1200F7D2FE /* NewsTests.swift in Sources */,
			);
			runOnlyForDeploymentPostprocessing = 0;
		};
		F57FCC2927463A1200F7D2FE /* Sources */ = {
			isa = PBXSourcesBuildPhase;
			buildActionMask = 2147483647;
			files = (
				F57FCC3227463A1200F7D2FE /* NewsUITests.swift in Sources */,
			);
			runOnlyForDeploymentPostprocessing = 0;
		};
/* End PBXSourcesBuildPhase section */

/* Begin PBXTargetDependency section */
		F57FCC2427463A1200F7D2FE /* PBXTargetDependency */ = {
			isa = PBXTargetDependency;
			target = F57FCC0B27463A0D00F7D2FE /* News */;
			targetProxy = F57FCC2327463A1200F7D2FE /* PBXContainerItemProxy */;
		};
		F57FCC2F27463A1200F7D2FE /* PBXTargetDependency */ = {
			isa = PBXTargetDependency;
			target = F57FCC0B27463A0D00F7D2FE /* News */;
			targetProxy = F57FCC2E27463A1200F7D2FE /* PBXContainerItemProxy */;
		};
/* End PBXTargetDependency section */

/* Begin PBXVariantGroup section */
		F57FCC1A27463A1200F7D2FE /* LaunchScreen.storyboard */ = {
			isa = PBXVariantGroup;
			children = (
				F57FCC1B27463A1200F7D2FE /* Base */,
			);
			name = LaunchScreen.storyboard;
			sourceTree = "<group>";
		};
/* End PBXVariantGroup section */

/* Begin XCBuildConfiguration section */
		F57FCC3427463A1200F7D2FE /* Debug */ = {
			isa = XCBuildConfiguration;
			buildSettings = {
				ALWAYS_SEARCH_USER_PATHS = NO;
				CLANG_ANALYZER_NONNULL = YES;
				CLANG_ANALYZER_NUMBER_OBJECT_CONVERSION = YES_AGGRESSIVE;
				CLANG_CXX_LANGUAGE_STANDARD = "gnu++14";
				CLANG_CXX_LIBRARY = "libc++";
				CLANG_ENABLE_MODULES = YES;
				CLANG_ENABLE_OBJC_ARC = YES;
				CLANG_ENABLE_OBJC_WEAK = YES;
				CLANG_WARN_BLOCK_CAPTURE_AUTORELEASING = YES;
				CLANG_WARN_BOOL_CONVERSION = YES;
				CLANG_WARN_COMMA = YES;
				CLANG_WARN_CONSTANT_CONVERSION = YES;
				CLANG_WARN_DEPRECATED_OBJC_IMPLEMENTATIONS = YES;
				CLANG_WARN_DIRECT_OBJC_ISA_USAGE = YES_ERROR;
				CLANG_WARN_DOCUMENTATION_COMMENTS = YES;
				CLANG_WARN_EMPTY_BODY = YES;
				CLANG_WARN_ENUM_CONVERSION = YES;
				CLANG_WARN_INFINITE_RECURSION = YES;
				CLANG_WARN_INT_CONVERSION = YES;
				CLANG_WARN_NON_LITERAL_NULL_CONVERSION = YES;
				CLANG_WARN_OBJC_IMPLICIT_RETAIN_SELF = YES;
				CLANG_WARN_OBJC_LITERAL_CONVERSION = YES;
				CLANG_WARN_OBJC_ROOT_CLASS = YES_ERROR;
				CLANG_WARN_QUOTED_INCLUDE_IN_FRAMEWORK_HEADER = YES;
				CLANG_WARN_RANGE_LOOP_ANALYSIS = YES;
				CLANG_WARN_STRICT_PROTOTYPES = YES;
				CLANG_WARN_SUSPICIOUS_MOVE = YES;
				CLANG_WARN_UNGUARDED_AVAILABILITY = YES_AGGRESSIVE;
				CLANG_WARN_UNREACHABLE_CODE = YES;
				CLANG_WARN__DUPLICATE_METHOD_MATCH = YES;
				COPY_PHASE_STRIP = NO;
				DEBUG_INFORMATION_FORMAT = dwarf;
				ENABLE_STRICT_OBJC_MSGSEND = YES;
				ENABLE_TESTABILITY = YES;
				GCC_C_LANGUAGE_STANDARD = gnu11;
				GCC_DYNAMIC_NO_PIC = NO;
				GCC_NO_COMMON_BLOCKS = YES;
				GCC_OPTIMIZATION_LEVEL = 0;
				GCC_PREPROCESSOR_DEFINITIONS = (
					"DEBUG=1",
					"$(inherited)",
				);
				GCC_WARN_64_TO_32_BIT_CONVERSION = YES;
				GCC_WARN_ABOUT_RETURN_TYPE = YES_ERROR;
				GCC_WARN_UNDECLARED_SELECTOR = YES;
				GCC_WARN_UNINITIALIZED_AUTOS = YES_AGGRESSIVE;
				GCC_WARN_UNUSED_FUNCTION = YES;
				GCC_WARN_UNUSED_VARIABLE = YES;
				IPHONEOS_DEPLOYMENT_TARGET = 14.5;
				MTL_ENABLE_DEBUG_INFO = INCLUDE_SOURCE;
				MTL_FAST_MATH = YES;
				ONLY_ACTIVE_ARCH = YES;
				SDKROOT = iphoneos;
				SWIFT_ACTIVE_COMPILATION_CONDITIONS = DEBUG;
				SWIFT_OPTIMIZATION_LEVEL = "-Onone";
			};
			name = Debug;
		};
		F57FCC3527463A1200F7D2FE /* Release */ = {
			isa = XCBuildConfiguration;
			buildSettings = {
				ALWAYS_SEARCH_USER_PATHS = NO;
				CLANG_ANALYZER_NONNULL = YES;
				CLANG_ANALYZER_NUMBER_OBJECT_CONVERSION = YES_AGGRESSIVE;
				CLANG_CXX_LANGUAGE_STANDARD = "gnu++14";
				CLANG_CXX_LIBRARY = "libc++";
				CLANG_ENABLE_MODULES = YES;
				CLANG_ENABLE_OBJC_ARC = YES;
				CLANG_ENABLE_OBJC_WEAK = YES;
				CLANG_WARN_BLOCK_CAPTURE_AUTORELEASING = YES;
				CLANG_WARN_BOOL_CONVERSION = YES;
				CLANG_WARN_COMMA = YES;
				CLANG_WARN_CONSTANT_CONVERSION = YES;
				CLANG_WARN_DEPRECATED_OBJC_IMPLEMENTATIONS = YES;
				CLANG_WARN_DIRECT_OBJC_ISA_USAGE = YES_ERROR;
				CLANG_WARN_DOCUMENTATION_COMMENTS = YES;
				CLANG_WARN_EMPTY_BODY = YES;
				CLANG_WARN_ENUM_CONVERSION = YES;
				CLANG_WARN_INFINITE_RECURSION = YES;
				CLANG_WARN_INT_CONVERSION = YES;
				CLANG_WARN_NON_LITERAL_NULL_CONVERSION = YES;
				CLANG_WARN_OBJC_IMPLICIT_RETAIN_SELF = YES;
				CLANG_WARN_OBJC_LITERAL_CONVERSION = YES;
				CLANG_WARN_OBJC_ROOT_CLASS = YES_ERROR;
				CLANG_WARN_QUOTED_INCLUDE_IN_FRAMEWORK_HEADER = YES;
				CLANG_WARN_RANGE_LOOP_ANALYSIS = YES;
				CLANG_WARN_STRICT_PROTOTYPES = YES;
				CLANG_WARN_SUSPICIOUS_MOVE = YES;
				CLANG_WARN_UNGUARDED_AVAILABILITY = YES_AGGRESSIVE;
				CLANG_WARN_UNREACHABLE_CODE = YES;
				CLANG_WARN__DUPLICATE_METHOD_MATCH = YES;
				COPY_PHASE_STRIP = NO;
				DEBUG_INFORMATION_FORMAT = "dwarf-with-dsym";
				ENABLE_NS_ASSERTIONS = NO;
				ENABLE_STRICT_OBJC_MSGSEND = YES;
				GCC_C_LANGUAGE_STANDARD = gnu11;
				GCC_NO_COMMON_BLOCKS = YES;
				GCC_WARN_64_TO_32_BIT_CONVERSION = YES;
				GCC_WARN_ABOUT_RETURN_TYPE = YES_ERROR;
				GCC_WARN_UNDECLARED_SELECTOR = YES;
				GCC_WARN_UNINITIALIZED_AUTOS = YES_AGGRESSIVE;
				GCC_WARN_UNUSED_FUNCTION = YES;
				GCC_WARN_UNUSED_VARIABLE = YES;
				IPHONEOS_DEPLOYMENT_TARGET = 14.5;
				MTL_ENABLE_DEBUG_INFO = NO;
				MTL_FAST_MATH = YES;
				SDKROOT = iphoneos;
				SWIFT_COMPILATION_MODE = wholemodule;
				SWIFT_OPTIMIZATION_LEVEL = "-O";
				VALIDATE_PRODUCT = YES;
			};
			name = Release;
		};
		F57FCC3727463A1200F7D2FE /* Debug */ = {
			isa = XCBuildConfiguration;
			baseConfigurationReference = 8E4A3442A274908257094ED8 /* Pods-News.debug.xcconfig */;
			buildSettings = {
				ASSETCATALOG_COMPILER_APPICON_NAME = AppIcon;
				ASSETCATALOG_COMPILER_GLOBAL_ACCENT_COLOR_NAME = AccentColor;
				CLANG_ENABLE_MODULES = YES;
				CODE_SIGN_STYLE = Automatic;
				DEVELOPMENT_TEAM = G954855NKD;
				INFOPLIST_FILE = News/Classes/Others/Info.plist;
				IPHONEOS_DEPLOYMENT_TARGET = 12.1;
				LD_RUNPATH_SEARCH_PATHS = (
					"$(inherited)",
					"@executable_path/Frameworks",
				);
				PRODUCT_BUNDLE_IDENTIFIER = QCX.News;
				PRODUCT_NAME = "$(TARGET_NAME)";
				SWIFT_OPTIMIZATION_LEVEL = "-Onone";
				SWIFT_VERSION = 5.0;
				TARGETED_DEVICE_FAMILY = "1,2";
			};
			name = Debug;
		};
		F57FCC3827463A1200F7D2FE /* Release */ = {
			isa = XCBuildConfiguration;
			baseConfigurationReference = 16A0C97E6D842A0641046D59 /* Pods-News.release.xcconfig */;
			buildSettings = {
				ASSETCATALOG_COMPILER_APPICON_NAME = AppIcon;
				ASSETCATALOG_COMPILER_GLOBAL_ACCENT_COLOR_NAME = AccentColor;
				CLANG_ENABLE_MODULES = YES;
				CODE_SIGN_STYLE = Automatic;
				DEVELOPMENT_TEAM = G954855NKD;
				INFOPLIST_FILE = News/Classes/Others/Info.plist;
				IPHONEOS_DEPLOYMENT_TARGET = 12.1;
				LD_RUNPATH_SEARCH_PATHS = (
					"$(inherited)",
					"@executable_path/Frameworks",
				);
				PRODUCT_BUNDLE_IDENTIFIER = QCX.News;
				PRODUCT_NAME = "$(TARGET_NAME)";
				SWIFT_VERSION = 5.0;
				TARGETED_DEVICE_FAMILY = "1,2";
			};
			name = Release;
		};
		F57FCC3A27463A1200F7D2FE /* Debug */ = {
			isa = XCBuildConfiguration;
			buildSettings = {
				ALWAYS_EMBED_SWIFT_STANDARD_LIBRARIES = YES;
				BUNDLE_LOADER = "$(TEST_HOST)";
				CODE_SIGN_STYLE = Automatic;
				DEVELOPMENT_TEAM = G954855NKD;
				INFOPLIST_FILE = NewsTests/Info.plist;
				IPHONEOS_DEPLOYMENT_TARGET = 14.5;
				LD_RUNPATH_SEARCH_PATHS = (
					"$(inherited)",
					"@executable_path/Frameworks",
					"@loader_path/Frameworks",
				);
				PRODUCT_BUNDLE_IDENTIFIER = QCX.NewsTests;
				PRODUCT_NAME = "$(TARGET_NAME)";
				SWIFT_VERSION = 5.0;
				TARGETED_DEVICE_FAMILY = "1,2";
				TEST_HOST = "$(BUILT_PRODUCTS_DIR)/News.app/News";
			};
			name = Debug;
		};
		F57FCC3B27463A1200F7D2FE /* Release */ = {
			isa = XCBuildConfiguration;
			buildSettings = {
				ALWAYS_EMBED_SWIFT_STANDARD_LIBRARIES = YES;
				BUNDLE_LOADER = "$(TEST_HOST)";
				CODE_SIGN_STYLE = Automatic;
				DEVELOPMENT_TEAM = G954855NKD;
				INFOPLIST_FILE = NewsTests/Info.plist;
				IPHONEOS_DEPLOYMENT_TARGET = 14.5;
				LD_RUNPATH_SEARCH_PATHS = (
					"$(inherited)",
					"@executable_path/Frameworks",
					"@loader_path/Frameworks",
				);
				PRODUCT_BUNDLE_IDENTIFIER = QCX.NewsTests;
				PRODUCT_NAME = "$(TARGET_NAME)";
				SWIFT_VERSION = 5.0;
				TARGETED_DEVICE_FAMILY = "1,2";
				TEST_HOST = "$(BUILT_PRODUCTS_DIR)/News.app/News";
			};
			name = Release;
		};
		F57FCC3D27463A1200F7D2FE /* Debug */ = {
			isa = XCBuildConfiguration;
			buildSettings = {
				ALWAYS_EMBED_SWIFT_STANDARD_LIBRARIES = YES;
				CODE_SIGN_STYLE = Automatic;
				DEVELOPMENT_TEAM = G954855NKD;
				INFOPLIST_FILE = NewsUITests/Info.plist;
				LD_RUNPATH_SEARCH_PATHS = (
					"$(inherited)",
					"@executable_path/Frameworks",
					"@loader_path/Frameworks",
				);
				PRODUCT_BUNDLE_IDENTIFIER = QCX.NewsUITests;
				PRODUCT_NAME = "$(TARGET_NAME)";
				SWIFT_VERSION = 5.0;
				TARGETED_DEVICE_FAMILY = "1,2";
				TEST_TARGET_NAME = News;
			};
			name = Debug;
		};
		F57FCC3E27463A1200F7D2FE /* Release */ = {
			isa = XCBuildConfiguration;
			buildSettings = {
				ALWAYS_EMBED_SWIFT_STANDARD_LIBRARIES = YES;
				CODE_SIGN_STYLE = Automatic;
				DEVELOPMENT_TEAM = G954855NKD;
				INFOPLIST_FILE = NewsUITests/Info.plist;
				LD_RUNPATH_SEARCH_PATHS = (
					"$(inherited)",
					"@executable_path/Frameworks",
					"@loader_path/Frameworks",
				);
				PRODUCT_BUNDLE_IDENTIFIER = QCX.NewsUITests;
				PRODUCT_NAME = "$(TARGET_NAME)";
				SWIFT_VERSION = 5.0;
				TARGETED_DEVICE_FAMILY = "1,2";
				TEST_TARGET_NAME = News;
			};
			name = Release;
		};
/* End XCBuildConfiguration section */

/* Begin XCConfigurationList section */
		F57FCC0727463A0D00F7D2FE /* Build configuration list for PBXProject "News" */ = {
			isa = XCConfigurationList;
			buildConfigurations = (
				F57FCC3427463A1200F7D2FE /* Debug */,
				F57FCC3527463A1200F7D2FE /* Release */,
			);
			defaultConfigurationIsVisible = 0;
			defaultConfigurationName = Release;
		};
		F57FCC3627463A1200F7D2FE /* Build configuration list for PBXNativeTarget "News" */ = {
			isa = XCConfigurationList;
			buildConfigurations = (
				F57FCC3727463A1200F7D2FE /* Debug */,
				F57FCC3827463A1200F7D2FE /* Release */,
			);
			defaultConfigurationIsVisible = 0;
			defaultConfigurationName = Release;
		};
		F57FCC3927463A1200F7D2FE /* Build configuration list for PBXNativeTarget "NewsTests" */ = {
			isa = XCConfigurationList;
			buildConfigurations = (
				F57FCC3A27463A1200F7D2FE /* Debug */,
				F57FCC3B27463A1200F7D2FE /* Release */,
			);
			defaultConfigurationIsVisible = 0;
			defaultConfigurationName = Release;
		};
		F57FCC3C27463A1200F7D2FE /* Build configuration list for PBXNativeTarget "NewsUITests" */ = {
			isa = XCConfigurationList;
			buildConfigurations = (
				F57FCC3D27463A1200F7D2FE /* Debug */,
				F57FCC3E27463A1200F7D2FE /* Release */,
			);
			defaultConfigurationIsVisible = 0;
			defaultConfigurationName = Release;
		};
/* End XCConfigurationList section */
	};
	rootObject = F57FCC0427463A0D00F7D2FE /* Project object */;
}
